
Microsoft Visual Studio Solution File, Format Version 12.00
# Visual Studio Version 16
VisualStudioVersion = 16.0.31321.278
MinimumVisualStudioVersion = 10.0.40219.1
Project("{9A19103F-16F7-4668-BE54-9A1E7A4F7556}") = "GatewayOrchestrator", "GatewayOrchestrator.csproj", "{657C19AA-A3B2-49E7-BB97-FAA686635DD9}"
EndProject
Project("{E53339B2-1760-4266-BCC7-CA923CBCF16C}") = "docker-compose", "docker-compose.dcproj", "{4CB08C70-313D-4303-AFDA-B3BE7C51E143}"
EndProject
Global
	GlobalSection(SolutionConfigurationPlatforms) = preSolution
		Debug|Any CPU = Debug|Any CPU
		Release|Any CPU = Release|Any CPU
	EndGlobalSection
	GlobalSection(ProjectConfigurationPlatforms) = postSolution
		{657C19AA-A3B2-49E7-BB97-FAA686635DD9}.Debug|Any CPU.ActiveCfg = Debug|Any CPU
		{657C19AA-A3B2-49E7-BB97-FAA686635DD9}.Debug|Any CPU.Build.0 = Debug|Any CPU
		{657C19AA-A3B2-49E7-BB97-FAA686635DD9}.Release|Any CPU.ActiveCfg = Release|Any CPU
		{657C19AA-A3B2-49E7-BB97-FAA686635DD9}.Release|Any CPU.Build.0 = Release|Any CPU
		{4CB08C70-313D-4303-AFDA-B3BE7C51E143}.Debug|Any CPU.ActiveCfg = Debug|Any CPU
		{4CB08C70-313D-4303-AFDA-B3BE7C51E143}.Debug|Any CPU.Build.0 = Debug|Any CPU
		{4CB08C70-313D-4303-AFDA-B3BE7C51E143}.Release|Any CPU.ActiveCfg = Release|Any CPU
		{4CB08C70-313D-4303-AFDA-B3BE7C51E143}.Release|Any CPU.Build.0 = Release|Any CPU
	EndGlobalSection
	GlobalSection(SolutionProperties) = preSolution
		HideSolutionNode = FALSE
	EndGlobalSection
	GlobalSection(ExtensibilityGlobals) = postSolution
		SolutionGuid = {05204387-C019-4F7E-9C12-570B883F46CA}
	EndGlobalSection
EndGlobal
