
Microsoft Visual Studio Solution File, Format Version 12.00
# Visual Studio Version 16
VisualStudioVersion = 16.0.31205.134
MinimumVisualStudioVersion = 10.0.40219.1
Project("{FAE04EC0-301F-11D3-BF4B-00C04F79EFBC}") = "gateway-translator", "gateway-translator.csproj", "{702081F7-A636-4C6F-88F4-6C95263D36B0}"
EndProject
Global
	GlobalSection(SolutionConfigurationPlatforms) = preSolution
		Debug|Any CPU = Debug|Any CPU
		Release|Any CPU = Release|Any CPU
	EndGlobalSection
	GlobalSection(ProjectConfigurationPlatforms) = postSolution
		{702081F7-A636-4C6F-88F4-6C95263D36B0}.Debug|Any CPU.ActiveCfg = Debug|Any CPU
		{702081F7-A636-4C6F-88F4-6C95263D36B0}.Debug|Any CPU.Build.0 = Debug|Any CPU
		{702081F7-A636-4C6F-88F4-6C95263D36B0}.Release|Any CPU.ActiveCfg = Release|Any CPU
		{702081F7-A636-4C6F-88F4-6C95263D36B0}.Release|Any CPU.Build.0 = Release|Any CPU
	EndGlobalSection
	GlobalSection(SolutionProperties) = preSolution
		HideSolutionNode = FALSE
	EndGlobalSection
	GlobalSection(ExtensibilityGlobals) = postSolution
		SolutionGuid = {5561E3EA-32F8-44C8-9F98-2593722AE14D}
	EndGlobalSection
EndGlobal
