
Microsoft Visual Studio Solution File, Format Version 12.00
# Visual Studio Version 17
VisualStudioVersion = 17.1.32319.34
MinimumVisualStudioVersion = 10.0.40219.1
Project("{FAE04EC0-301F-11D3-BF4B-00C04F79EFBC}") = "GatewayServer", "GatewayServer.csproj", "{537BE46D-03BF-4A41-A5CE-F3F8F95A6B66}"
EndProject
Global
	GlobalSection(SolutionConfigurationPlatforms) = preSolution
		Debug|Any CPU = Debug|Any CPU
		Release|Any CPU = Release|Any CPU
	EndGlobalSection
	GlobalSection(ProjectConfigurationPlatforms) = postSolution
		{537BE46D-03BF-4A41-A5CE-F3F8F95A6B66}.Debug|Any CPU.ActiveCfg = Debug|Any CPU
		{537BE46D-03BF-4A41-A5CE-F3F8F95A6B66}.Debug|Any CPU.Build.0 = Debug|Any CPU
		{537BE46D-03BF-4A41-A5CE-F3F8F95A6B66}.Release|Any CPU.ActiveCfg = Release|Any CPU
		{537BE46D-03BF-4A41-A5CE-F3F8F95A6B66}.Release|Any CPU.Build.0 = Release|Any CPU
	EndGlobalSection
	GlobalSection(SolutionProperties) = preSolution
		HideSolutionNode = FALSE
	EndGlobalSection
	GlobalSection(ExtensibilityGlobals) = postSolution
		SolutionGuid = {144C8D2A-A242-4731-BA2C-F0B8591E9297}
	EndGlobalSection
EndGlobal
