
Microsoft Visual Studio Solution File, Format Version 12.00
# Visual Studio Version 16
VisualStudioVersion = 16.0.31321.278
MinimumVisualStudioVersion = 10.0.40219.1
Project("{9A19103F-16F7-4668-BE54-9A1E7A4F7556}") = "GatewayTranslator", "GatewayTranslator.csproj", "{AD61344A-2DE3-443F-B3A4-4B104A259DAB}"
EndProject
Project("{E53339B2-1760-4266-BCC7-CA923CBCF16C}") = "docker-compose", "docker-compose.dcproj", "{3F3C0746-1107-464B-BEEF-2D4FFDF5E36F}"
EndProject
Global
	GlobalSection(SolutionConfigurationPlatforms) = preSolution
		Debug|Any CPU = Debug|Any CPU
		Release|Any CPU = Release|Any CPU
	EndGlobalSection
	GlobalSection(ProjectConfigurationPlatforms) = postSolution
		{AD61344A-2DE3-443F-B3A4-4B104A259DAB}.Debug|Any CPU.ActiveCfg = Debug|Any CPU
		{AD61344A-2DE3-443F-B3A4-4B104A259DAB}.Debug|Any CPU.Build.0 = Debug|Any CPU
		{AD61344A-2DE3-443F-B3A4-4B104A259DAB}.Release|Any CPU.ActiveCfg = Release|Any CPU
		{AD61344A-2DE3-443F-B3A4-4B104A259DAB}.Release|Any CPU.Build.0 = Release|Any CPU
		{3F3C0746-1107-464B-BEEF-2D4FFDF5E36F}.Debug|Any CPU.ActiveCfg = Debug|Any CPU
		{3F3C0746-1107-464B-BEEF-2D4FFDF5E36F}.Debug|Any CPU.Build.0 = Debug|Any CPU
		{3F3C0746-1107-464B-BEEF-2D4FFDF5E36F}.Release|Any CPU.ActiveCfg = Release|Any CPU
		{3F3C0746-1107-464B-BEEF-2D4FFDF5E36F}.Release|Any CPU.Build.0 = Release|Any CPU
	EndGlobalSection
	GlobalSection(SolutionProperties) = preSolution
		HideSolutionNode = FALSE
	EndGlobalSection
	GlobalSection(ExtensibilityGlobals) = postSolution
		SolutionGuid = {0F9DC53E-9A61-4E28-8992-F620E8AD7D1F}
	EndGlobalSection
EndGlobal
