
Microsoft Visual Studio Solution File, Format Version 12.00
# Visual Studio Version 16
VisualStudioVersion = 16.0.31229.75
MinimumVisualStudioVersion = 10.0.40219.1
Project("{FAE04EC0-301F-11D3-BF4B-00C04F79EFBC}") = "LoadTestClient", "LoadTestClient.csproj", "{8A9A3078-DF17-4D8D-9FCF-1B2C977384C5}"
EndProject
Global
	GlobalSection(SolutionConfigurationPlatforms) = preSolution
		Debug|Any CPU = Debug|Any CPU
		Release|Any CPU = Release|Any CPU
	EndGlobalSection
	GlobalSection(ProjectConfigurationPlatforms) = postSolution
		{8A9A3078-DF17-4D8D-9FCF-1B2C977384C5}.Debug|Any CPU.ActiveCfg = Debug|Any CPU
		{8A9A3078-DF17-4D8D-9FCF-1B2C977384C5}.Debug|Any CPU.Build.0 = Debug|Any CPU
		{8A9A3078-DF17-4D8D-9FCF-1B2C977384C5}.Release|Any CPU.ActiveCfg = Release|Any CPU
		{8A9A3078-DF17-4D8D-9FCF-1B2C977384C5}.Release|Any CPU.Build.0 = Release|Any CPU
	EndGlobalSection
	GlobalSection(SolutionProperties) = preSolution
		HideSolutionNode = FALSE
	EndGlobalSection
	GlobalSection(ExtensibilityGlobals) = postSolution
		SolutionGuid = {E17DFB4C-1878-4867-9536-0F9CCEB0E569}
	EndGlobalSection
EndGlobal
